{
  "nodes": {
    "common": {
      "locked": {
        "lastModified": 1,
        "narHash": "sha256-RhYhQutq/IVgEKHNV0WFttNiYKOu0jquIqauXh6LKj0=",
        "path": "/nix/store/0sx68fzva0csggmipjpd9csgfhsly5b5-source/common",
        "type": "path"
      },
      "original": {
        "path": "/nix/store/0sx68fzva0csggmipjpd9csgfhsly5b5-source/common",
        "type": "path"
      }
    },
    "master": {
      "locked": {
        "lastModified": 1724759239,
        "narHash": "sha256-fDUxk5hxBLOkvElFHSUl+YhTMwcrZPoyo1pAmh6At9E=",
        "owner": "NixOS",
        "repo": "nixpkgs",
        "rev": "56fab16fa9ed795637b96cdd5688d58cf178f46a",
        "type": "github"
      },
      "original": {
        "owner": "NixOS",
        "ref": "master",
        "repo": "nixpkgs",
        "type": "github"
      }
    },
    "nixos-hardware": {
      "locked": {
        "lastModified": 1724575805,
        "narHash": "sha256-OB/kEL3GAhUZmUfkbPfsPhKs0pRqJKs0EEBiLfyKZw8=",
        "owner": "NixOS",
        "repo": "nixos-hardware",
        "rev": "9fc19be21f0807d6be092d70bf0b1de0c00ac895",
        "type": "github"
      },
      "original": {
        "owner": "NixOS",
        "ref": "master",
        "repo": "nixos-hardware",
        "type": "github"
      }
    },
    "root": {
      "inputs": {
        "common": "common",
        "master": "master",
        "nixos-hardware": "nixos-hardware",
        "nixpkgs": [
          "stable"
        ],
        "stable": "stable",
        "unstable": "unstable"
      }
    },
    "stable": {
      "locked": {
        "lastModified": 1724316499,
        "narHash": "sha256-Qb9MhKBUTCfWg/wqqaxt89Xfi6qTD3XpTzQ9eXi3JmE=",
        "owner": "NixOS",
        "repo": "nixpkgs",
        "rev": "797f7dc49e0bc7fab4b57c021cdf68f595e47841",
        "type": "github"
      },
      "original": {
        "owner": "NixOS",
        "ref": "nixos-24.05",
        "repo": "nixpkgs",
        "type": "github"
      }
    },
    "unstable": {
      "locked": {
        "lastModified": 1724479785,
        "narHash": "sha256-pP3Azj5d6M5nmG68Fu4JqZmdGt4S4vqI5f8te+E/FTw=",
        "owner": "NixOS",
        "repo": "nixpkgs",
        "rev": "d0e1602ddde669d5beb01aec49d71a51937ed7be",
        "type": "github"
      },
      "original": {
        "owner": "NixOS",
        "ref": "nixos-unstable",
        "repo": "nixpkgs",
        "type": "github"
      }
    }
  },
  "root": "root",
  "version": 7
}
