{
  "nodes": {
    "common": {
      "locked": {
        "lastModified": 1,
        "narHash": "sha256-qwSDVAbC736xjwaIiLSvkZD0LdqNkClTti1sA543B7s=",
        "path": "/nix/store/1nypyswix0d53bb8ak1g6s7jzx3djlfz-source/common",
        "type": "path"
      },
      "original": {
        "path": "/nix/store/1nypyswix0d53bb8ak1g6s7jzx3djlfz-source/common",
        "type": "path"
      }
    },
    "master": {
      "locked": {
        "lastModified": 1727165821,
        "narHash": "sha256-/O819tatHAPzCH/Uo6RWaRcQOsdwGLwc956mrgYsXIg=",
        "owner": "NixOS",
        "repo": "nixpkgs",
        "rev": "b659fa4ef8f99a29f61f503bd1c6db8297821e2a",
        "type": "github"
      },
      "original": {
        "owner": "NixOS",
        "ref": "master",
        "repo": "nixpkgs",
        "type": "github"
      }
    },
    "nixos-hardware": {
      "locked": {
        "lastModified": 1727040444,
        "narHash": "sha256-19FNN5QT9Z11ZUMfftRplyNN+2PgcHKb3oq8KMW/hDA=",
        "owner": "NixOS",
        "repo": "nixos-hardware",
        "rev": "d0cb432a9d28218df11cbd77d984a2a46caeb5ac",
        "type": "github"
      },
      "original": {
        "owner": "NixOS",
        "ref": "master",
        "repo": "nixos-hardware",
        "type": "github"
      }
    },
    "root": {
      "inputs": {
        "common": "common",
        "master": "master",
        "nixos-hardware": "nixos-hardware",
        "nixpkgs": [
          "unstable"
        ],
        "stable": "stable",
        "tosibox-key": "tosibox-key",
        "unstable": "unstable"
      }
    },
    "stable": {
      "locked": {
        "lastModified": 1726969270,
        "narHash": "sha256-8fnFlXBgM/uSvBlLWjZ0Z0sOdRBesyNdH0+esxqizGc=",
        "owner": "NixOS",
        "repo": "nixpkgs",
        "rev": "23cbb250f3bf4f516a2d0bf03c51a30900848075",
        "type": "github"
      },
      "original": {
        "owner": "NixOS",
        "ref": "nixos-24.05",
        "repo": "nixpkgs",
        "type": "github"
      }
    },
    "tosibox-key": {
      "inputs": {
        "nixpkgs": [
          "nixpkgs"
        ]
      },
      "locked": {
        "lastModified": 0,
        "narHash": "sha256-37Wi7f7O2GIjEssWwTBdANhN3gnYAHN3v0Qt951zLc0=",
        "path": "/nix/store/1nypyswix0d53bb8ak1g6s7jzx3djlfz-source/apollo/external/tosibox-key",
        "type": "path"
      },
      "original": {
        "path": "/nix/store/1nypyswix0d53bb8ak1g6s7jzx3djlfz-source/apollo/external/tosibox-key",
        "type": "path"
      }
    },
    "unstable": {
      "locked": {
        "lastModified": 1726937504,
        "narHash": "sha256-bvGoiQBvponpZh8ClUcmJ6QnsNKw0EMrCQJARK3bI1c=",
        "owner": "NixOS",
        "repo": "nixpkgs",
        "rev": "9357f4f23713673f310988025d9dc261c20e70c6",
        "type": "github"
      },
      "original": {
        "owner": "NixOS",
        "ref": "nixos-unstable",
        "repo": "nixpkgs",
        "type": "github"
      }
    }
  },
  "root": "root",
  "version": 7
}
