{
  "nodes": {
    "common": {
      "locked": {
        "lastModified": 1,
        "narHash": "sha256-RhYhQutq/IVgEKHNV0WFttNiYKOu0jquIqauXh6LKj0=",
        "path": "/nix/store/r46rqwhqkb5fd47i2v5ch1gf8cd39xhk-source/common",
        "type": "path"
      },
      "original": {
        "path": "/nix/store/r46rqwhqkb5fd47i2v5ch1gf8cd39xhk-source/common",
        "type": "path"
      }
    },
    "master": {
      "locked": {
        "lastModified": 1717790144,
        "narHash": "sha256-7MnTgRQ/NzaSpsEWumxqixci7UYXINeqVwTIwPGtDNw=",
        "owner": "NixOS",
        "repo": "nixpkgs",
        "rev": "ec6dd23a30fc2f764622a2d259c0c8f42415ce4b",
        "type": "github"
      },
      "original": {
        "owner": "NixOS",
        "ref": "master",
        "repo": "nixpkgs",
        "type": "github"
      }
    },
    "nixos-hardware": {
      "locked": {
        "lastModified": 1717574423,
        "narHash": "sha256-cz3P5MZffAHwL2IQaNzsqUBsJS+u0J/AAwArHMAcCa0=",
        "owner": "NixOS",
        "repo": "nixos-hardware",
        "rev": "d6c6cf6f5fead4057d8fb2d5f30aa8ac1727f177",
        "type": "github"
      },
      "original": {
        "owner": "NixOS",
        "ref": "master",
        "repo": "nixos-hardware",
        "type": "github"
      }
    },
    "root": {
      "inputs": {
        "common": "common",
        "master": "master",
        "nixos-hardware": "nixos-hardware",
        "nixpkgs": [
          "stable"
        ],
        "stable": "stable",
        "unstable": "unstable"
      }
    },
    "stable": {
      "locked": {
        "lastModified": 1717555607,
        "narHash": "sha256-WZ1s48OODmRJ3DHC+I/DtM3tDRuRJlNqMvxvAPTD7ec=",
        "owner": "NixOS",
        "repo": "nixpkgs",
        "rev": "0b8e7a1ae5a94da2e1ee3f3030a32020f6254105",
        "type": "github"
      },
      "original": {
        "owner": "NixOS",
        "ref": "nixos-24.05",
        "repo": "nixpkgs",
        "type": "github"
      }
    },
    "unstable": {
      "locked": {
        "lastModified": 1717602782,
        "narHash": "sha256-pL9jeus5QpX5R+9rsp3hhZ+uplVHscNJh8n8VpqscM0=",
        "owner": "NixOS",
        "repo": "nixpkgs",
        "rev": "e8057b67ebf307f01bdcc8fba94d94f75039d1f6",
        "type": "github"
      },
      "original": {
        "owner": "NixOS",
        "ref": "nixos-unstable",
        "repo": "nixpkgs",
        "type": "github"
      }
    }
  },
  "root": "root",
  "version": 7
}
