{
  "nodes": {
    "ags": {
      "inputs": {
        "astal": "astal",
        "nixpkgs": [
          "hyprpanel",
          "nixpkgs"
        ]
      },
      "locked": {
        "lastModified": 1735485506,
        "narHash": "sha256-7CWr3Q83KnGiLUn0oaboafLMOXQ0X9/fjFRVY1xopbM=",
        "owner": "aylur",
        "repo": "ags",
        "rev": "251d39413543264361898b02035775aa3e46fe52",
        "type": "github"
      },
      "original": {
        "owner": "aylur",
        "repo": "ags",
        "type": "github"
      }
    },
    "astal": {
      "inputs": {
        "nixpkgs": [
          "hyprpanel",
          "ags",
          "nixpkgs"
        ]
      },
      "locked": {
        "lastModified": 1735172721,
        "narHash": "sha256-rtEAwGsHSppnkR3Qg3eRJ6Xh/F84IY9CrBBLzYabalY=",
        "owner": "aylur",
        "repo": "astal",
        "rev": "6c84b64efc736e039a8a10774a4a1bf772c37aa2",
        "type": "github"
      },
      "original": {
        "owner": "aylur",
        "repo": "astal",
        "type": "github"
      }
    },
    "flake-compat": {
      "flake": false,
      "locked": {
        "lastModified": 1733328505,
        "narHash": "sha256-NeCCThCEP3eCl2l/+27kNNK7QrwZB1IJCrXfrbv5oqU=",
        "owner": "edolstra",
        "repo": "flake-compat",
        "rev": "ff81ac966bb2cae68946d5ed5fc4994f96d0ffec",
        "type": "github"
      },
      "original": {
        "owner": "edolstra",
        "repo": "flake-compat",
        "type": "github"
      }
    },
    "home-manager": {
      "inputs": {
        "nixpkgs": [
          "nixpkgs"
        ]
      },
      "locked": {
        "lastModified": 1735979091,
        "narHash": "sha256-WpFjt6+8UD81EP386c269ZTqpEmlGJgcPw+OB4b7EBs=",
        "owner": "nix-community",
        "repo": "home-manager",
        "rev": "11ab08541e61ac3bbf2ab27229f68622629401df",
        "type": "github"
      },
      "original": {
        "owner": "nix-community",
        "repo": "home-manager",
        "type": "github"
      }
    },
    "hyprpanel": {
      "inputs": {
        "ags": "ags",
        "nixpkgs": [
          "nixpkgs"
        ]
      },
      "locked": {
        "lastModified": 1735560556,
        "narHash": "sha256-7fdtmTgFopGqM2OL0LlnUp2Ns4+nePPp+wAMcg73T0s=",
        "owner": "Jas-SinghFSU",
        "repo": "HyprPanel",
        "rev": "d2e02f553a58ca08884956adbbbb6cdfe5b64040",
        "type": "github"
      },
      "original": {
        "owner": "Jas-SinghFSU",
        "repo": "HyprPanel",
        "type": "github"
      }
    },
    "master": {
      "locked": {
        "lastModified": 1735977920,
        "narHash": "sha256-G9GhBOhzytZ4nTp0DqjfKH/MgGKHz6xB33ekYp8pMrM=",
        "owner": "NixOS",
        "repo": "nixpkgs",
        "rev": "76b11b7eab7f310ca98fea0ae8ad06163d79631e",
        "type": "github"
      },
      "original": {
        "owner": "NixOS",
        "ref": "master",
        "repo": "nixpkgs",
        "type": "github"
      }
    },
    "nixos-hardware": {
      "locked": {
        "lastModified": 1735388221,
        "narHash": "sha256-e5IOgjQf0SZcFCEV/gMGrsI0gCJyqOKShBQU0iiM3Kg=",
        "owner": "NixOS",
        "repo": "nixos-hardware",
        "rev": "7c674c6734f61157e321db595dbfcd8523e04e19",
        "type": "github"
      },
      "original": {
        "owner": "NixOS",
        "ref": "master",
        "repo": "nixos-hardware",
        "type": "github"
      }
    },
    "root": {
      "inputs": {
        "home-manager": "home-manager",
        "hyprpanel": "hyprpanel",
        "master": "master",
        "nixos-hardware": "nixos-hardware",
        "nixpkgs": [
          "unstable"
        ],
        "spicetify-nix": "spicetify-nix",
        "stable": "stable",
        "unstable": "unstable"
      }
    },
    "spicetify-nix": {
      "inputs": {
        "flake-compat": "flake-compat",
        "nixpkgs": [
          "nixpkgs"
        ]
      },
      "locked": {
        "lastModified": 1735964101,
        "narHash": "sha256-FUKeipaDxAFf+0jun6CKk37g7UALIeisSz6L19KL+WM=",
        "owner": "Gerg-L",
        "repo": "spicetify-nix",
        "rev": "5b2bbc7a627ea983cef34f4a8ec81cd597529943",
        "type": "github"
      },
      "original": {
        "owner": "Gerg-L",
        "repo": "spicetify-nix",
        "type": "github"
      }
    },
    "stable": {
      "locked": {
        "lastModified": 1736061677,
        "narHash": "sha256-DjkQPnkAfd7eB522PwnkGhOMuT9QVCZspDpJJYyOj60=",
        "owner": "NixOS",
        "repo": "nixpkgs",
        "rev": "cbd8ec4de4469333c82ff40d057350c30e9f7d36",
        "type": "github"
      },
      "original": {
        "owner": "NixOS",
        "ref": "nixos-24.11",
        "repo": "nixpkgs",
        "type": "github"
      }
    },
    "unstable": {
      "locked": {
        "lastModified": 1735834308,
        "narHash": "sha256-dklw3AXr3OGO4/XT1Tu3Xz9n/we8GctZZ75ZWVqAVhk=",
        "owner": "NixOS",
        "repo": "nixpkgs",
        "rev": "6df24922a1400241dae323af55f30e4318a6ca65",
        "type": "github"
      },
      "original": {
        "owner": "NixOS",
        "ref": "nixos-unstable",
        "repo": "nixpkgs",
        "type": "github"
      }
    }
  },
  "root": "root",
  "version": 7
}
