{
  "nodes": {
    "common": {
      "locked": {
        "lastModified": 1,
        "narHash": "sha256-RhYhQutq/IVgEKHNV0WFttNiYKOu0jquIqauXh6LKj0=",
        "path": "/nix/store/8mjl0vgdxn5iky18d8kxdzx03hidsyrj-source/common",
        "type": "path"
      },
      "original": {
        "path": "/nix/store/8mjl0vgdxn5iky18d8kxdzx03hidsyrj-source/common",
        "type": "path"
      }
    },
    "master": {
      "locked": {
        "lastModified": 1717384422,
        "narHash": "sha256-sQ1FBYvO4SoZwoRvUIDY94hQyg+uqakG0UMClRbqyG4=",
        "owner": "NixOS",
        "repo": "nixpkgs",
        "rev": "cb0317c4552b5639d7e2d85d2adbf4b9de0ff0d7",
        "type": "github"
      },
      "original": {
        "owner": "NixOS",
        "ref": "master",
        "repo": "nixpkgs",
        "type": "github"
      }
    },
    "nixos-hardware": {
      "locked": {
        "lastModified": 1717248095,
        "narHash": "sha256-e8X2eWjAHJQT82AAN+mCI0B68cIDBJpqJ156+VRrFO0=",
        "owner": "NixOS",
        "repo": "nixos-hardware",
        "rev": "7b49d3967613d9aacac5b340ef158d493906ba79",
        "type": "github"
      },
      "original": {
        "owner": "NixOS",
        "ref": "master",
        "repo": "nixos-hardware",
        "type": "github"
      }
    },
    "root": {
      "inputs": {
        "common": "common",
        "master": "master",
        "nixos-hardware": "nixos-hardware",
        "nixpkgs": [
          "stable"
        ],
        "stable": "stable",
        "unstable": "unstable"
      }
    },
    "stable": {
      "locked": {
        "lastModified": 1717144377,
        "narHash": "sha256-F/TKWETwB5RaR8owkPPi+SPJh83AQsm6KrQAlJ8v/uA=",
        "owner": "NixOS",
        "repo": "nixpkgs",
        "rev": "805a384895c696f802a9bf5bf4720f37385df547",
        "type": "github"
      },
      "original": {
        "owner": "NixOS",
        "ref": "nixos-24.05",
        "repo": "nixpkgs",
        "type": "github"
      }
    },
    "unstable": {
      "locked": {
        "lastModified": 1716948383,
        "narHash": "sha256-SzDKxseEcHR5KzPXLwsemyTR/kaM9whxeiJohbL04rs=",
        "owner": "NixOS",
        "repo": "nixpkgs",
        "rev": "ad57eef4ef0659193044870c731987a6df5cf56b",
        "type": "github"
      },
      "original": {
        "owner": "NixOS",
        "ref": "nixos-unstable",
        "repo": "nixpkgs",
        "type": "github"
      }
    }
  },
  "root": "root",
  "version": 7
}
