{
  "nodes": {
    "agenix": {
      "inputs": {
        "darwin": "darwin",
        "home-manager": "home-manager",
        "nixpkgs": [
          "nixpkgs"
        ],
        "systems": "systems"
      },
      "locked": {
        "lastModified": 1723293904,
        "narHash": "sha256-b+uqzj+Wa6xgMS9aNbX4I+sXeb5biPDi39VgvSFqFvU=",
        "owner": "ryantm",
        "repo": "agenix",
        "rev": "f6291c5935fdc4e0bef208cfc0dcab7e3f7a1c41",
        "type": "github"
      },
      "original": {
        "owner": "ryantm",
        "repo": "agenix",
        "type": "github"
      }
    },
    "ags": {
      "inputs": {
        "astal": "astal",
        "nixpkgs": [
          "hyprpanel",
          "nixpkgs"
        ]
      },
      "locked": {
        "lastModified": 1735485506,
        "narHash": "sha256-7CWr3Q83KnGiLUn0oaboafLMOXQ0X9/fjFRVY1xopbM=",
        "owner": "aylur",
        "repo": "ags",
        "rev": "251d39413543264361898b02035775aa3e46fe52",
        "type": "github"
      },
      "original": {
        "owner": "aylur",
        "repo": "ags",
        "type": "github"
      }
    },
    "apax-cli": {
      "inputs": {
        "flake-utils": "flake-utils",
        "nixpkgs": [
          "nixpkgs"
        ]
      },
      "locked": {
        "lastModified": 1735893893,
        "narHash": "sha256-iG4sELvTaVEzK0tfcg5vXSj/I12zxedhwQy4vpC47zg=",
        "ref": "main",
        "rev": "e51379aed3c98b49e40e72f5df3df21b6821a8b1",
        "revCount": 4,
        "type": "git",
        "url": "ssh://simon@zeus/data/git/apax.git"
      },
      "original": {
        "ref": "main",
        "type": "git",
        "url": "ssh://simon@zeus/data/git/apax.git"
      }
    },
    "astal": {
      "inputs": {
        "nixpkgs": [
          "hyprpanel",
          "ags",
          "nixpkgs"
        ]
      },
      "locked": {
        "lastModified": 1735172721,
        "narHash": "sha256-rtEAwGsHSppnkR3Qg3eRJ6Xh/F84IY9CrBBLzYabalY=",
        "owner": "aylur",
        "repo": "astal",
        "rev": "6c84b64efc736e039a8a10774a4a1bf772c37aa2",
        "type": "github"
      },
      "original": {
        "owner": "aylur",
        "repo": "astal",
        "type": "github"
      }
    },
    "darwin": {
      "inputs": {
        "nixpkgs": [
          "agenix",
          "nixpkgs"
        ]
      },
      "locked": {
        "lastModified": 1700795494,
        "narHash": "sha256-gzGLZSiOhf155FW7262kdHo2YDeugp3VuIFb4/GGng0=",
        "owner": "lnl7",
        "repo": "nix-darwin",
        "rev": "4b9b83d5a92e8c1fbfd8eb27eda375908c11ec4d",
        "type": "github"
      },
      "original": {
        "owner": "lnl7",
        "ref": "master",
        "repo": "nix-darwin",
        "type": "github"
      }
    },
    "flake-compat": {
      "flake": false,
      "locked": {
        "lastModified": 1733328505,
        "narHash": "sha256-NeCCThCEP3eCl2l/+27kNNK7QrwZB1IJCrXfrbv5oqU=",
        "owner": "edolstra",
        "repo": "flake-compat",
        "rev": "ff81ac966bb2cae68946d5ed5fc4994f96d0ffec",
        "type": "github"
      },
      "original": {
        "owner": "edolstra",
        "repo": "flake-compat",
        "type": "github"
      }
    },
    "flake-utils": {
      "inputs": {
        "systems": "systems_2"
      },
      "locked": {
        "lastModified": 1731533236,
        "narHash": "sha256-l0KFg5HjrsfsO/JpG+r7fRrqm12kzFHyUHqHCVpMMbI=",
        "owner": "numtide",
        "repo": "flake-utils",
        "rev": "11707dc2f618dd54ca8739b309ec4fc024de578b",
        "type": "github"
      },
      "original": {
        "owner": "numtide",
        "repo": "flake-utils",
        "type": "github"
      }
    },
    "home-manager": {
      "inputs": {
        "nixpkgs": [
          "agenix",
          "nixpkgs"
        ]
      },
      "locked": {
        "lastModified": 1703113217,
        "narHash": "sha256-7ulcXOk63TIT2lVDSExj7XzFx09LpdSAPtvgtM7yQPE=",
        "owner": "nix-community",
        "repo": "home-manager",
        "rev": "3bfaacf46133c037bb356193bd2f1765d9dc82c1",
        "type": "github"
      },
      "original": {
        "owner": "nix-community",
        "repo": "home-manager",
        "type": "github"
      }
    },
    "home-manager_2": {
      "inputs": {
        "nixpkgs": [
          "nixpkgs"
        ]
      },
      "locked": {
        "lastModified": 1736204492,
        "narHash": "sha256-CoBPRgkUex9Iz6qGSzi/BFVUQjndB0PmME2B6eEyeCs=",
        "owner": "nix-community",
        "repo": "home-manager",
        "rev": "20665c6efa83d71020c8730f26706258ba5c6b2a",
        "type": "github"
      },
      "original": {
        "owner": "nix-community",
        "repo": "home-manager",
        "type": "github"
      }
    },
    "hyprpanel": {
      "inputs": {
        "ags": "ags",
        "nixpkgs": [
          "nixpkgs"
        ]
      },
      "locked": {
        "lastModified": 1736885882,
        "narHash": "sha256-9whUDEwb7T9EgoxNSwyay4GkrwmcGhBP2FXsLta6wU0=",
        "owner": "simonkampe",
        "repo": "HyprPanel",
        "rev": "5c09aa4a0fea05239d729124166295ca66a347f3",
        "type": "github"
      },
      "original": {
        "owner": "simonkampe",
        "ref": "ws_mon_fix",
        "repo": "HyprPanel",
        "type": "github"
      }
    },
    "master": {
      "locked": {
        "lastModified": 1736252914,
        "narHash": "sha256-ETrrpbJt84Akq2dMs5EaHqoye2qB2hCGzy3dDm+bKYI=",
        "owner": "NixOS",
        "repo": "nixpkgs",
        "rev": "664f4619297ccaae790a9a79523fec54a2601b38",
        "type": "github"
      },
      "original": {
        "owner": "NixOS",
        "ref": "master",
        "repo": "nixpkgs",
        "type": "github"
      }
    },
    "nixos-hardware": {
      "locked": {
        "lastModified": 1736237814,
        "narHash": "sha256-uTdscVaKjnRnBIMuu/oWwdiGhYd/JOQ4YZGHeCoroqs=",
        "owner": "NixOS",
        "repo": "nixos-hardware",
        "rev": "ca30f8501ab452ca687a7fdcb2d43e1fb1732317",
        "type": "github"
      },
      "original": {
        "owner": "NixOS",
        "ref": "master",
        "repo": "nixos-hardware",
        "type": "github"
      }
    },
    "root": {
      "inputs": {
        "agenix": "agenix",
        "apax-cli": "apax-cli",
        "home-manager": "home-manager_2",
        "hyprpanel": "hyprpanel",
        "master": "master",
        "nixos-hardware": "nixos-hardware",
        "nixpkgs": [
          "unstable"
        ],
        "spicetify-nix": "spicetify-nix",
        "stable": "stable",
        "tosibox-key": "tosibox-key",
        "unstable": "unstable"
      }
    },
    "spicetify-nix": {
      "inputs": {
        "flake-compat": "flake-compat",
        "nixpkgs": [
          "nixpkgs"
        ]
      },
      "locked": {
        "lastModified": 1736223357,
        "narHash": "sha256-QzL0ygtIeKmRZIjsSy+Ahg1DQBoUP62nZ0BhZaMLP/Y=",
        "owner": "Gerg-L",
        "repo": "spicetify-nix",
        "rev": "23e30ec79bb9f3a80fb3e2c0f24214c6dcfe5e61",
        "type": "github"
      },
      "original": {
        "owner": "Gerg-L",
        "repo": "spicetify-nix",
        "type": "github"
      }
    },
    "stable": {
      "locked": {
        "lastModified": 1736061677,
        "narHash": "sha256-DjkQPnkAfd7eB522PwnkGhOMuT9QVCZspDpJJYyOj60=",
        "owner": "NixOS",
        "repo": "nixpkgs",
        "rev": "cbd8ec4de4469333c82ff40d057350c30e9f7d36",
        "type": "github"
      },
      "original": {
        "owner": "NixOS",
        "ref": "nixos-24.11",
        "repo": "nixpkgs",
        "type": "github"
      }
    },
    "systems": {
      "locked": {
        "lastModified": 1681028828,
        "narHash": "sha256-Vy1rq5AaRuLzOxct8nz4T6wlgyUR7zLU309k9mBC768=",
        "owner": "nix-systems",
        "repo": "default",
        "rev": "da67096a3b9bf56a91d16901293e51ba5b49a27e",
        "type": "github"
      },
      "original": {
        "owner": "nix-systems",
        "repo": "default",
        "type": "github"
      }
    },
    "systems_2": {
      "locked": {
        "lastModified": 1681028828,
        "narHash": "sha256-Vy1rq5AaRuLzOxct8nz4T6wlgyUR7zLU309k9mBC768=",
        "owner": "nix-systems",
        "repo": "default",
        "rev": "da67096a3b9bf56a91d16901293e51ba5b49a27e",
        "type": "github"
      },
      "original": {
        "owner": "nix-systems",
        "repo": "default",
        "type": "github"
      }
    },
    "tosibox-key": {
      "inputs": {
        "nixpkgs": [
          "nixpkgs"
        ]
      },
      "locked": {
        "lastModified": 1734788027,
        "narHash": "sha256-kZlzUcslcyseytQfYnAilisfYOU6laIOsKONdNABmXw=",
        "ref": "main",
        "rev": "c9c7b87b3762c77cac8c30a5e03607c903202ebb",
        "revCount": 2,
        "type": "git",
        "url": "ssh://simon@zeus/data/git/tosibox-key.git"
      },
      "original": {
        "ref": "main",
        "type": "git",
        "url": "ssh://simon@zeus/data/git/tosibox-key.git"
      }
    },
    "unstable": {
      "locked": {
        "lastModified": 1736012469,
        "narHash": "sha256-/qlNWm/IEVVH7GfgAIyP6EsVZI6zjAx1cV5zNyrs+rI=",
        "owner": "NixOS",
        "repo": "nixpkgs",
        "rev": "8f3e1f807051e32d8c95cd12b9b421623850a34d",
        "type": "github"
      },
      "original": {
        "owner": "NixOS",
        "ref": "nixos-unstable",
        "repo": "nixpkgs",
        "type": "github"
      }
    }
  },
  "root": "root",
  "version": 7
}
